
Microsoft Visual Studio Solution File, Format Version 12.00
# Visual Studio Version 17
VisualStudioVersion = 17.10.34928.147
MinimumVisualStudioVersion = 10.0.40219.1
Project("{8BC9CEB8-8B4A-11D0-8D11-00A0C91BC942}") = "SimilarityChecker", "SimilarityChecker\SimilarityChecker.vcxproj", "{F436ECCE-371B-4AA2-99BE-4D8FFDD4D6AD}"
EndProject
Project("{8BC9CEB8-8B4A-11D0-8D11-00A0C91BC942}") = "SimilarityChecker_test", "SimilarityChecker_test\SimilarityChecker_test.vcxproj", "{DD4CD47F-8E52-4038-8187-1C9EFFFD05AB}"
EndProject
Project("{2150E333-8FDC-42A3-9474-1A3956D46DE8}") = "솔루션 항목", "솔루션 항목", "{91065C88-2493-41DA-B175-8E10A3B19102}"
	ProjectSection(SolutionItems) = preProject
		.gitignore = .gitignore
	EndProjectSection
EndProject
Global
	GlobalSection(SolutionConfigurationPlatforms) = preSolution
		Debug|x64 = Debug|x64
		Debug|x86 = Debug|x86
		Release|x64 = Release|x64
		Release|x86 = Release|x86
	EndGlobalSection
	GlobalSection(ProjectConfigurationPlatforms) = postSolution
		{F436ECCE-371B-4AA2-99BE-4D8FFDD4D6AD}.Debug|x64.ActiveCfg = Debug|x64
		{F436ECCE-371B-4AA2-99BE-4D8FFDD4D6AD}.Debug|x64.Build.0 = Debug|x64
		{F436ECCE-371B-4AA2-99BE-4D8FFDD4D6AD}.Debug|x86.ActiveCfg = Debug|Win32
		{F436ECCE-371B-4AA2-99BE-4D8FFDD4D6AD}.Debug|x86.Build.0 = Debug|Win32
		{F436ECCE-371B-4AA2-99BE-4D8FFDD4D6AD}.Release|x64.ActiveCfg = Release|x64
		{F436ECCE-371B-4AA2-99BE-4D8FFDD4D6AD}.Release|x64.Build.0 = Release|x64
		{F436ECCE-371B-4AA2-99BE-4D8FFDD4D6AD}.Release|x86.ActiveCfg = Release|Win32
		{F436ECCE-371B-4AA2-99BE-4D8FFDD4D6AD}.Release|x86.Build.0 = Release|Win32
		{DD4CD47F-8E52-4038-8187-1C9EFFFD05AB}.Debug|x64.ActiveCfg = Debug|x64
		{DD4CD47F-8E52-4038-8187-1C9EFFFD05AB}.Debug|x64.Build.0 = Debug|x64
		{DD4CD47F-8E52-4038-8187-1C9EFFFD05AB}.Debug|x86.ActiveCfg = Debug|Win32
		{DD4CD47F-8E52-4038-8187-1C9EFFFD05AB}.Debug|x86.Build.0 = Debug|Win32
		{DD4CD47F-8E52-4038-8187-1C9EFFFD05AB}.Release|x64.ActiveCfg = Release|x64
		{DD4CD47F-8E52-4038-8187-1C9EFFFD05AB}.Release|x64.Build.0 = Release|x64
		{DD4CD47F-8E52-4038-8187-1C9EFFFD05AB}.Release|x86.ActiveCfg = Release|Win32
		{DD4CD47F-8E52-4038-8187-1C9EFFFD05AB}.Release|x86.Build.0 = Release|Win32
	EndGlobalSection
	GlobalSection(SolutionProperties) = preSolution
		HideSolutionNode = FALSE
	EndGlobalSection
	GlobalSection(ExtensibilityGlobals) = postSolution
		SolutionGuid = {17C07FA1-7469-487F-88CF-68D43863EB6E}
	EndGlobalSection
EndGlobal
